Microsoft Visual Studio Solution File, Format Version 12.00
# Visual Studio Version 17
VisualStudioVersion = 17.5.2.0
MinimumVisualStudioVersion = 10.0.40219.1
Project("{FAE04EC0-301F-11D3-BF4B-00C04F79EFBC}") = "backend-app", "backend-app\backend-app.csproj", "{BE726BC8-5E83-5E45-7228-4248B11EDED3}"
EndProject
Global
	GlobalSection(SolutionConfigurationPlatforms) = preSolution
		Debug|Any CPU = Debug|Any CPU
		Release|Any CPU = Release|Any CPU
	EndGlobalSection
	GlobalSection(ProjectConfigurationPlatforms) = postSolution
		{BE726BC8-5E83-5E45-7228-4248B11EDED3}.Debug|Any CPU.ActiveCfg = Debug|Any CPU
		{BE726BC8-5E83-5E45-7228-4248B11EDED3}.Debug|Any CPU.Build.0 = Debug|Any CPU
		{BE726BC8-5E83-5E45-7228-4248B11EDED3}.Release|Any CPU.ActiveCfg = Release|Any CPU
		{BE726BC8-5E83-5E45-7228-4248B11EDED3}.Release|Any CPU.Build.0 = Release|Any CPU
	EndGlobalSection
	GlobalSection(SolutionProperties) = preSolution
		HideSolutionNode = FALSE
	EndGlobalSection
	GlobalSection(ExtensibilityGlobals) = postSolution
		SolutionGuid = {411B2D7A-B59A-463E-B3EC-1E724B9F0751}
	EndGlobalSection
EndGlobal
